<?xml version="1.0" encoding="utf-8"?>
<Project ToolsVersion="4.0" xmlns="http://schemas.microsoft.com/developer/msbuild/2003">
  <ItemGroup>
    <Filter Include="Source Files">
      <UniqueIdentifier>{4FC737F1-C7A5-4376-A066-2A32D752A2FF}</UniqueIdentifier>
      <Extensions>cpp;c;cc;cxx;c++;cppm;ixx;def;odl;idl;hpj;bat;asm;asmx</Extensions>
    </Filter>
    <Filter Include="Header Files">
      <UniqueIdentifier>{93995380-89BD-4b04-88EB-625FBE52EBFB}</UniqueIdentifier>
      <Extensions>h;hh;hpp;hxx;h++;hm;inl;inc;ipp;xsd</Extensions>
    </Filter>
    <Filter Include="Resource Files">
      <UniqueIdentifier>{67DA6AB6-F800-4c08-8B7A-83BB121AAD01}</UniqueIdentifier>
      <Extensions>rc;ico;cur;bmp;dlg;rc2;rct;bin;rgs;gif;jpg;jpeg;jpe;resx;tiff;tif;png;wav;mfcribbon-ms</Extensions>
    </Filter>
  </ItemGroup>
  <ItemGroup>
    <ClCompile Include="dllmain.cpp">
      <Filter>Source Files</Filter>
    </ClCompile>
    <ClCompile Include="ext\memory.cpp">
      <Filter>Source Files</Filter>
    </ClCompile>
    <ClCompile Include="headers\tier1\KeyValues.cpp">
      <Filter>Source Files</Filter>
    </ClCompile>
    <ClCompile Include="ext\imgui\imgui.cpp">
      <Filter>Source Files</Filter>
    </ClCompile>
    <ClCompile Include="ext\imgui\imgui_draw.cpp">
      <Filter>Source Files</Filter>
    </ClCompile>
    <ClCompile Include="ext\imgui\imgui_impl_dx9.cpp">
      <Filter>Source Files</Filter>
    </ClCompile>
    <ClCompile Include="ext\imgui\imgui_impl_win32.cpp">
      <Filter>Source Files</Filter>
    </ClCompile>
    <ClCompile Include="ext\imgui\imgui_tables.cpp">
      <Filter>Source Files</Filter>
    </ClCompile>
    <ClCompile Include="ext\imgui\imgui_widgets.cpp">
      <Filter>Source Files</Filter>
    </ClCompile>
    <ClCompile Include="ext\imgui_ext\texteditor.cpp">
      <Filter>Source Files</Filter>
    </ClCompile>
    <ClCompile Include="ext\imgui\imgui_demo.cpp">
      <Filter>Source Files</Filter>
    </ClCompile>
  </ItemGroup>
  <ItemGroup>
    <ClInclude Include="globals.h">
      <Filter>Header Files</Filter>
    </ClInclude>
    <ClInclude Include="ext\memory.h">
      <Filter>Header Files</Filter>
    </ClInclude>
    <ClInclude Include="ext\interface.h">
      <Filter>Header Files</Filter>
    </ClInclude>
    <ClInclude Include="headers\client\C_BaseCombatCharacter.h">
      <Filter>Header Files</Filter>
    </ClInclude>
    <ClInclude Include="headers\client\c_basecombatweapon.h">
      <Filter>Header Files</Filter>
    </ClInclude>
    <ClInclude Include="headers\client\C_BasePlayer.h">
      <Filter>Header Files</Filter>
    </ClInclude>
    <ClInclude Include="headers\client\CBaseAnimating.h">
      <Filter>Header Files</Filter>
    </ClInclude>
    <ClInclude Include="headers\client\CClientEntityList.h">
      <Filter>Header Files</Filter>
    </ClInclude>
    <ClInclude Include="headers\client\CCollisionProperty.h">
      <Filter>Header Files</Filter>
    </ClInclude>
    <ClInclude Include="headers\client\CHLClient.h">
      <Filter>Header Files</Filter>
    </ClInclude>
    <ClInclude Include="headers\client\CInput.h">
      <Filter>Header Files</Filter>
    </ClInclude>
    <ClInclude Include="headers\client\CInputSystem.h">
      <Filter>Header Files</Filter>
    </ClInclude>
    <ClInclude Include="headers\client\ClientClass.h">
      <Filter>Header Files</Filter>
    </ClInclude>
    <ClInclude Include="headers\client\ClientModeShared.h">
      <Filter>Header Files</Filter>
    </ClInclude>
    <ClInclude Include="headers\client\ConCommand.h">
      <Filter>Header Files</Filter>
    </ClInclude>
    <ClInclude Include="headers\client\ConVar.h">
      <Filter>Header Files</Filter>
    </ClInclude>
    <ClInclude Include="headers\client\CUniformRandomStream.h">
      <Filter>Header Files</Filter>
    </ClInclude>
    <ClInclude Include="headers\client\CViewRender.h">
      <Filter>Header Files</Filter>
    </ClInclude>
    <ClInclude Include="headers\client\CViewSetup.h">
      <Filter>Header Files</Filter>
    </ClInclude>
    <ClInclude Include="headers\client\IGameMovement.h">
      <Filter>Header Files</Filter>
    </ClInclude>
    <ClInclude Include="headers\client\IPrediction.h">
      <Filter>Header Files</Filter>
    </ClInclude>
    <ClInclude Include="headers\client\usercmd.h">
      <Filter>Header Files</Filter>
    </ClInclude>
    <ClInclude Include="headers\engine\CEngineClient.h">
      <Filter>Header Files</Filter>
    </ClInclude>
    <ClInclude Include="headers\engine\CGameEventManager.h">
      <Filter>Header Files</Filter>
    </ClInclude>
    <ClInclude Include="headers\engine\CIVDebugOverlay.h">
      <Filter>Header Files</Filter>
    </ClInclude>
    <ClInclude Include="headers\engine\CMaterialSystem.h">
      <Filter>Header Files</Filter>
    </ClInclude>
    <ClInclude Include="headers\engine\CModelInfo.h">
      <Filter>Header Files</Filter>
    </ClInclude>
    <ClInclude Include="headers\engine\CModelRender.h">
      <Filter>Header Files</Filter>
    </ClInclude>
    <ClInclude Include="headers\engine\CNetChan.h">
      <Filter>Header Files</Filter>
    </ClInclude>
    <ClInclude Include="headers\engine\CVRenderView.h">
      <Filter>Header Files</Filter>
    </ClInclude>
    <ClInclude Include="headers\engine\gametrace.h">
      <Filter>Header Files</Filter>
    </ClInclude>
    <ClInclude Include="headers\engine\iclientrenderable.h">
      <Filter>Header Files</Filter>
    </ClInclude>
    <ClInclude Include="headers\engine\IEngineTrace.h">
      <Filter>Header Files</Filter>
    </ClInclude>
    <ClInclude Include="headers\engine\imaterial.h">
      <Filter>Header Files</Filter>
    </ClInclude>
    <ClInclude Include="headers\engine\inetmessage.h">
      <Filter>Header Files</Filter>
    </ClInclude>
    <ClInclude Include="headers\engine\IStudioRender.h">
      <Filter>Header Files</Filter>
    </ClInclude>
    <ClInclude Include="headers\engine\takedamageinfo.h">
      <Filter>Header Files</Filter>
    </ClInclude>
    <ClInclude Include="headers\engine\trace.h">
      <Filter>Header Files</Filter>
    </ClInclude>
    <ClInclude Include="headers\engine\vmatrix.h">
      <Filter>Header Files</Filter>
    </ClInclude>
    <ClInclude Include="headers\lua_shared\CLuaConVars.h">
      <Filter>Header Files</Filter>
    </ClInclude>
    <ClInclude Include="headers\lua_shared\CLuaInterface.h">
      <Filter>Header Files</Filter>
    </ClInclude>
    <ClInclude Include="headers\lua_shared\CLuaShared.h">
      <Filter>Header Files</Filter>
    </ClInclude>
    <ClInclude Include="headers\mathlib\math_pfns.h">
      <Filter>Header Files</Filter>
    </ClInclude>
    <ClInclude Include="headers\mathlib\mathlib.h">
      <Filter>Header Files</Filter>
    </ClInclude>
    <ClInclude Include="headers\tier0\basetypes.h">
      <Filter>Header Files</Filter>
    </ClInclude>
    <ClInclude Include="headers\tier0\Color.h">
      <Filter>Header Files</Filter>
    </ClInclude>
    <ClInclude Include="headers\tier0\platform.h">
      <Filter>Header Files</Filter>
    </ClInclude>
    <ClInclude Include="headers\tier0\shareddefs.h">
      <Filter>Header Files</Filter>
    </ClInclude>
    <ClInclude Include="headers\tier0\soundinfo.h">
      <Filter>Header Files</Filter>
    </ClInclude>
    <ClInclude Include="headers\tier0\Vector.h">
      <Filter>Header Files</Filter>
    </ClInclude>
    <ClInclude Include="headers\tier1\bitbuf.h">
      <Filter>Header Files</Filter>
    </ClInclude>
    <ClInclude Include="headers\tier1\checksum_crc.h">
      <Filter>Header Files</Filter>
    </ClInclude>
    <ClInclude Include="headers\tier1\checksum_md5.h">
      <Filter>Header Files</Filter>
    </ClInclude>
    <ClInclude Include="headers\tier1\KeyValues.h">
      <Filter>Header Files</Filter>
    </ClInclude>
    <ClInclude Include="headers\vgui\ISurfaceV30.h">
      <Filter>Header Files</Filter>
    </ClInclude>
    <ClInclude Include="headers\vgui\VPanelWrapper.h">
      <Filter>Header Files</Filter>
    </ClInclude>
    <ClInclude Include="headers\vphysics\CPhysicsSurfaceProps.h">
      <Filter>Header Files</Filter>
    </ClInclude>
    <ClInclude Include="hooks\PaintTraverse.h">
      <Filter>Header Files</Filter>
    </ClInclude>
    <ClInclude Include="hooks\Present.h">
      <Filter>Header Files</Filter>
    </ClInclude>
    <ClInclude Include="ext\imgui\imconfig.h">
      <Filter>Header Files</Filter>
    </ClInclude>
    <ClInclude Include="ext\imgui\imgui.h">
      <Filter>Header Files</Filter>
    </ClInclude>
    <ClInclude Include="ext\imgui\imgui_impl_dx9.h">
      <Filter>Header Files</Filter>
    </ClInclude>
    <ClInclude Include="ext\imgui\imgui_impl_win32.h">
      <Filter>Header Files</Filter>
    </ClInclude>
    <ClInclude Include="ext\imgui\imgui_internal.h">
      <Filter>Header Files</Filter>
    </ClInclude>
    <ClInclude Include="ext\imgui\imstb_rectpack.h">
      <Filter>Header Files</Filter>
    </ClInclude>
    <ClInclude Include="ext\imgui\imstb_textedit.h">
      <Filter>Header Files</Filter>
    </ClInclude>
    <ClInclude Include="ext\imgui\imstb_truetype.h">
      <Filter>Header Files</Filter>
    </ClInclude>
    <ClInclude Include="features\gui\gui.h">
      <Filter>Header Files</Filter>
    </ClInclude>
    <ClInclude Include="features\lua.h">
      <Filter>Header Files</Filter>
    </ClInclude>
    <ClInclude Include="hooks\RunStringEx.h">
      <Filter>Header Files</Filter>
    </ClInclude>
    <ClInclude Include="features\lua_api.h">
      <Filter>Header Files</Filter>
    </ClInclude>
    <ClInclude Include="ext\imgui_ext\texteditor.h">
      <Filter>Header Files</Filter>
    </ClInclude>
    <ClInclude Include="headers\sdk\luajit.h">
      <Filter>Header Files</Filter>
    </ClInclude>
    <ClInclude Include="hooks\Paint.h">
      <Filter>Header Files</Filter>
    </ClInclude>
    <ClInclude Include="ext\toml\color.hpp">
      <Filter>Header Files</Filter>
    </ClInclude>
    <ClInclude Include="ext\toml\combinator.hpp">
      <Filter>Header Files</Filter>
    </ClInclude>
    <ClInclude Include="ext\toml\comments.hpp">
      <Filter>Header Files</Filter>
    </ClInclude>
    <ClInclude Include="ext\toml\datetime.hpp">
      <Filter>Header Files</Filter>
    </ClInclude>
    <ClInclude Include="ext\toml\exception.hpp">
      <Filter>Header Files</Filter>
    </ClInclude>
    <ClInclude Include="ext\toml\from.hpp">
      <Filter>Header Files</Filter>
    </ClInclude>
    <ClInclude Include="ext\toml\get.hpp">
      <Filter>Header Files</Filter>
    </ClInclude>
    <ClInclude Include="ext\toml\into.hpp">
      <Filter>Header Files</Filter>
    </ClInclude>
    <ClInclude Include="ext\toml\lexer.hpp">
      <Filter>Header Files</Filter>
    </ClInclude>
    <ClInclude Include="ext\toml\literal.hpp">
      <Filter>Header Files</Filter>
    </ClInclude>
    <ClInclude Include="ext\toml\macros.hpp">
      <Filter>Header Files</Filter>
    </ClInclude>
    <ClInclude Include="ext\toml\parser.hpp">
      <Filter>Header Files</Filter>
    </ClInclude>
    <ClInclude Include="ext\toml\region.hpp">
      <Filter>Header Files</Filter>
    </ClInclude>
    <ClInclude Include="ext\toml\result.hpp">
      <Filter>Header Files</Filter>
    </ClInclude>
    <ClInclude Include="ext\toml\serializer.hpp">
      <Filter>Header Files</Filter>
    </ClInclude>
    <ClInclude Include="ext\toml\source_location.hpp">
      <Filter>Header Files</Filter>
    </ClInclude>
    <ClInclude Include="ext\toml\storage.hpp">
      <Filter>Header Files</Filter>
    </ClInclude>
    <ClInclude Include="ext\toml\string.hpp">
      <Filter>Header Files</Filter>
    </ClInclude>
    <ClInclude Include="ext\toml\toml.hpp">
      <Filter>Header Files</Filter>
    </ClInclude>
    <ClInclude Include="ext\toml\traits.hpp">
      <Filter>Header Files</Filter>
    </ClInclude>
    <ClInclude Include="ext\toml\types.hpp">
      <Filter>Header Files</Filter>
    </ClInclude>
    <ClInclude Include="ext\toml\utility.hpp">
      <Filter>Header Files</Filter>
    </ClInclude>
    <ClInclude Include="ext\toml\value.hpp">
      <Filter>Header Files</Filter>
    </ClInclude>
    <ClInclude Include="ext\toml\version.hpp">
      <Filter>Header Files</Filter>
    </ClInclude>
    <ClInclude Include="features\config.h">
      <Filter>Header Files</Filter>
    </ClInclude>
    <ClInclude Include="headers\vguimatsurface\CMatSystemSurface.h">
      <Filter>Header Files</Filter>
    </ClInclude>
    <ClInclude Include="hooks\RenderView.h">
      <Filter>Header Files</Filter>
    </ClInclude>
  </ItemGroup>
  <ItemGroup>
    <None Include=".gitattributes" />
    <None Include=".gitignore" />
    <None Include="README.md" />
    <None Include="API.md" />
  </ItemGroup>
  <ItemGroup>
    <Text Include="LICENSE.txt" />
  </ItemGroup>
</Project>